
Microsoft Visual Studio Solution File, Format Version 12.00
# Visual Studio Version 17
VisualStudioVersion = 17.1.32414.318
MinimumVisualStudioVersion = 10.0.40219.1
Project("{FAE04EC0-301F-11D3-BF4B-00C04F79EFBC}") = "StackandQueue", "StackandQueue\StackandQueue.csproj", "{333EA71F-C8CD-406B-92E2-F843370CD8DF}"
EndProject
Project("{9A19103F-16F7-4668-BE54-9A1E7A4F7556}") = "UC2_PopandPeek", "UC2_PopandPeek\UC2_PopandPeek.csproj", "{BC778F5E-A7FA-4E01-9A56-FB0444043CF1}"
EndProject
Project("{9A19103F-16F7-4668-BE54-9A1E7A4F7556}") = "Uc3_Enqueue", "Uc3_Enqueue\Uc3_Enqueue.csproj", "{66D2F077-78EF-44D8-A57E-79CB47CE54B8}"
EndProject
Project("{9A19103F-16F7-4668-BE54-9A1E7A4F7556}") = "UC4_Dequeue", "UC4_Dequeue\UC4_Dequeue.csproj", "{6E9D02FB-31E7-48FB-A527-5C3FB0CEB54C}"
EndProject
Project("{FAE04EC0-301F-11D3-BF4B-00C04F79EFBC}") = "StackQueue", "stackqueue\StackQueue.csproj", "{E17229AC-6C24-49B9-9B77-3F12F72D6DF2}"
EndProject
Global
	GlobalSection(SolutionConfigurationPlatforms) = preSolution
		Debug|Any CPU = Debug|Any CPU
		Release|Any CPU = Release|Any CPU
	EndGlobalSection
	GlobalSection(ProjectConfigurationPlatforms) = postSolution
		{333EA71F-C8CD-406B-92E2-F843370CD8DF}.Debug|Any CPU.ActiveCfg = Debug|Any CPU
		{333EA71F-C8CD-406B-92E2-F843370CD8DF}.Debug|Any CPU.Build.0 = Debug|Any CPU
		{333EA71F-C8CD-406B-92E2-F843370CD8DF}.Release|Any CPU.ActiveCfg = Release|Any CPU
		{333EA71F-C8CD-406B-92E2-F843370CD8DF}.Release|Any CPU.Build.0 = Release|Any CPU
		{BC778F5E-A7FA-4E01-9A56-FB0444043CF1}.Debug|Any CPU.ActiveCfg = Debug|Any CPU
		{BC778F5E-A7FA-4E01-9A56-FB0444043CF1}.Debug|Any CPU.Build.0 = Debug|Any CPU
		{BC778F5E-A7FA-4E01-9A56-FB0444043CF1}.Release|Any CPU.ActiveCfg = Release|Any CPU
		{BC778F5E-A7FA-4E01-9A56-FB0444043CF1}.Release|Any CPU.Build.0 = Release|Any CPU
		{66D2F077-78EF-44D8-A57E-79CB47CE54B8}.Debug|Any CPU.ActiveCfg = Debug|Any CPU
		{66D2F077-78EF-44D8-A57E-79CB47CE54B8}.Debug|Any CPU.Build.0 = Debug|Any CPU
		{66D2F077-78EF-44D8-A57E-79CB47CE54B8}.Release|Any CPU.ActiveCfg = Release|Any CPU
		{66D2F077-78EF-44D8-A57E-79CB47CE54B8}.Release|Any CPU.Build.0 = Release|Any CPU
		{6E9D02FB-31E7-48FB-A527-5C3FB0CEB54C}.Debug|Any CPU.ActiveCfg = Debug|Any CPU
		{6E9D02FB-31E7-48FB-A527-5C3FB0CEB54C}.Debug|Any CPU.Build.0 = Debug|Any CPU
		{6E9D02FB-31E7-48FB-A527-5C3FB0CEB54C}.Release|Any CPU.ActiveCfg = Release|Any CPU
		{6E9D02FB-31E7-48FB-A527-5C3FB0CEB54C}.Release|Any CPU.Build.0 = Release|Any CPU
		{E17229AC-6C24-49B9-9B77-3F12F72D6DF2}.Debug|Any CPU.ActiveCfg = Debug|Any CPU
		{E17229AC-6C24-49B9-9B77-3F12F72D6DF2}.Debug|Any CPU.Build.0 = Debug|Any CPU
		{E17229AC-6C24-49B9-9B77-3F12F72D6DF2}.Release|Any CPU.ActiveCfg = Release|Any CPU
		{E17229AC-6C24-49B9-9B77-3F12F72D6DF2}.Release|Any CPU.Build.0 = Release|Any CPU
	EndGlobalSection
	GlobalSection(SolutionProperties) = preSolution
		HideSolutionNode = FALSE
	EndGlobalSection
	GlobalSection(ExtensibilityGlobals) = postSolution
		SolutionGuid = {D60870A0-7FE8-4639-8533-7DB556BDFFA0}
	EndGlobalSection
EndGlobal
